// !$*UTF8*$!
{
	archiveVersion = 1;
	classes = {
	};
	objectVersion = 55;
	objects = {

/* Begin PBXBuildFile section */
		142E4C522AF55FC100104D13 /* BookAppApp.swift in Sources */ = {isa = PBXBuildFile; fileRef = 142E4C512AF55FC100104D13 /* BookAppApp.swift */; };
		142E4C542AF55FC100104D13 /* ContentView.swift in Sources */ = {isa = PBXBuildFile; fileRef = 142E4C532AF55FC100104D13 /* ContentView.swift */; };
		142E4C562AF55FC400104D13 /* Assets.xcassets in Resources */ = {isa = PBXBuildFile; fileRef = 142E4C552AF55FC400104D13 /* Assets.xcassets */; };
		142E4C632AF55FC400104D13 /* BookAppTests.swift in Sources */ = {isa = PBXBuildFile; fileRef = 142E4C622AF55FC400104D13 /* BookAppTests.swift */; };
		142E4C6D2AF55FC400104D13 /* BookAppUITests.swift in Sources */ = {isa = PBXBuildFile; fileRef = 142E4C6C2AF55FC400104D13 /* BookAppUITests.swift */; };
		142E4C6F2AF55FC400104D13 /* BookAppUITestsLaunchTests.swift in Sources */ = {isa = PBXBuildFile; fileRef = 142E4C6E2AF55FC400104D13 /* BookAppUITestsLaunchTests.swift */; };
		142E4C7E2AFBE6BA00104D13 /* GochiHand-Regular.ttf in Resources */ = {isa = PBXBuildFile; fileRef = 142E4C7C2AFBE6BA00104D13 /* GochiHand-Regular.ttf */; };
		142E4C7F2AFBE6BA00104D13 /* OFL.txt in Resources */ = {isa = PBXBuildFile; fileRef = 142E4C7D2AFBE6BA00104D13 /* OFL.txt */; };
		142E4C822AFC455C00104D13 /* MainView.swift in Sources */ = {isa = PBXBuildFile; fileRef = 142E4C812AFC455C00104D13 /* MainView.swift */; };
		142E4C862AFC457900104D13 /* AddListingView.swift in Sources */ = {isa = PBXBuildFile; fileRef = 142E4C852AFC457900104D13 /* AddListingView.swift */; };
		142E4C882AFC45C200104D13 /* WishlistView.swift in Sources */ = {isa = PBXBuildFile; fileRef = 142E4C872AFC45C200104D13 /* WishlistView.swift */; };
		142E4C8A2AFC465000104D13 /* ProfileView.swift in Sources */ = {isa = PBXBuildFile; fileRef = 142E4C892AFC465000104D13 /* ProfileView.swift */; };
		846261A12AFEA45100CCD7C8 /* BorrowConfirmationView.swift in Sources */ = {isa = PBXBuildFile; fileRef = 846261A02AFEA45100CCD7C8 /* BorrowConfirmationView.swift */; };
		846261A32AFED92C00CCD7C8 /* AcceptConfirmationView.swift in Sources */ = {isa = PBXBuildFile; fileRef = 846261A22AFED92C00CCD7C8 /* AcceptConfirmationView.swift */; };
		AB2D807A2B0230D600554D52 /* MainView2.swift in Sources */ = {isa = PBXBuildFile; fileRef = AB2D80792B0230D600554D52 /* MainView2.swift */; };
/* End PBXBuildFile section */

/* Begin PBXContainerItemProxy section */
		142E4C5F2AF55FC400104D13 /* PBXContainerItemProxy */ = {
			isa = PBXContainerItemProxy;
			containerPortal = 142E4C462AF55FC100104D13 /* Project object */;
			proxyType = 1;
			remoteGlobalIDString = 142E4C4D2AF55FC100104D13;
			remoteInfo = BookApp;
		};
		142E4C692AF55FC400104D13 /* PBXContainerItemProxy */ = {
			isa = PBXContainerItemProxy;
			containerPortal = 142E4C462AF55FC100104D13 /* Project object */;
			proxyType = 1;
			remoteGlobalIDString = 142E4C4D2AF55FC100104D13;
			remoteInfo = BookApp;
		};
/* End PBXContainerItemProxy section */

/* Begin PBXFileReference section */
		142E4C4E2AF55FC100104D13 /* BookApp.app */ = {isa = PBXFileReference; explicitFileType = wrapper.application; includeInIndex = 0; path = BookApp.app; sourceTree = BUILT_PRODUCTS_DIR; };
		142E4C512AF55FC100104D13 /* BookAppApp.swift */ = {isa = PBXFileReference; lastKnownFileType = sourcecode.swift; path = BookAppApp.swift; sourceTree = "<group>"; };
		142E4C532AF55FC100104D13 /* ContentView.swift */ = {isa = PBXFileReference; lastKnownFileType = sourcecode.swift; path = ContentView.swift; sourceTree = "<group>"; };
		142E4C552AF55FC400104D13 /* Assets.xcassets */ = {isa = PBXFileReference; lastKnownFileType = folder.assetcatalog; path = Assets.xcassets; sourceTree = "<group>"; };
		142E4C5E2AF55FC400104D13 /* BookAppTests.xctest */ = {isa = PBXFileReference; explicitFileType = wrapper.cfbundle; includeInIndex = 0; path = BookAppTests.xctest; sourceTree = BUILT_PRODUCTS_DIR; };
		142E4C622AF55FC400104D13 /* BookAppTests.swift */ = {isa = PBXFileReference; lastKnownFileType = sourcecode.swift; path = BookAppTests.swift; sourceTree = "<group>"; };
		142E4C682AF55FC400104D13 /* BookAppUITests.xctest */ = {isa = PBXFileReference; explicitFileType = wrapper.cfbundle; includeInIndex = 0; path = BookAppUITests.xctest; sourceTree = BUILT_PRODUCTS_DIR; };
		142E4C6C2AF55FC400104D13 /* BookAppUITests.swift */ = {isa = PBXFileReference; lastKnownFileType = sourcecode.swift; path = BookAppUITests.swift; sourceTree = "<group>"; };
		142E4C6E2AF55FC400104D13 /* BookAppUITestsLaunchTests.swift */ = {isa = PBXFileReference; lastKnownFileType = sourcecode.swift; path = BookAppUITestsLaunchTests.swift; sourceTree = "<group>"; };
		142E4C7C2AFBE6BA00104D13 /* GochiHand-Regular.ttf */ = {isa = PBXFileReference; lastKnownFileType = file; path = "GochiHand-Regular.ttf"; sourceTree = "<group>"; };
		142E4C7D2AFBE6BA00104D13 /* OFL.txt */ = {isa = PBXFileReference; fileEncoding = 4; lastKnownFileType = text; path = OFL.txt; sourceTree = "<group>"; };
		142E4C802AFBE77E00104D13 /* Info.plist */ = {isa = PBXFileReference; lastKnownFileType = text.plist; path = Info.plist; sourceTree = "<group>"; };
		142E4C812AFC455C00104D13 /* MainView.swift */ = {isa = PBXFileReference; lastKnownFileType = sourcecode.swift; path = MainView.swift; sourceTree = "<group>"; };
		142E4C852AFC457900104D13 /* AddListingView.swift */ = {isa = PBXFileReference; lastKnownFileType = sourcecode.swift; path = AddListingView.swift; sourceTree = "<group>"; };
		142E4C872AFC45C200104D13 /* WishlistView.swift */ = {isa = PBXFileReference; lastKnownFileType = sourcecode.swift; path = WishlistView.swift; sourceTree = "<group>"; };
		142E4C892AFC465000104D13 /* ProfileView.swift */ = {isa = PBXFileReference; lastKnownFileType = sourcecode.swift; path = ProfileView.swift; sourceTree = "<group>"; };
		846261A02AFEA45100CCD7C8 /* BorrowConfirmationView.swift */ = {isa = PBXFileReference; lastKnownFileType = sourcecode.swift; path = BorrowConfirmationView.swift; sourceTree = "<group>"; };
		846261A22AFED92C00CCD7C8 /* AcceptConfirmationView.swift */ = {isa = PBXFileReference; lastKnownFileType = sourcecode.swift; path = AcceptConfirmationView.swift; sourceTree = "<group>"; };
		AB2D80792B0230D600554D52 /* MainView2.swift */ = {isa = PBXFileReference; lastKnownFileType = sourcecode.swift; path = MainView2.swift; sourceTree = "<group>"; };
/* End PBXFileReference section */

/* Begin PBXFrameworksBuildPhase section */
		142E4C4B2AF55FC100104D13 /* Frameworks */ = {
			isa = PBXFrameworksBuildPhase;
			buildActionMask = 2147483647;
			files = (
			);
			runOnlyForDeploymentPostprocessing = 0;
		};
		142E4C5B2AF55FC400104D13 /* Frameworks */ = {
			isa = PBXFrameworksBuildPhase;
			buildActionMask = 2147483647;
			files = (
			);
			runOnlyForDeploymentPostprocessing = 0;
		};
		142E4C652AF55FC400104D13 /* Frameworks */ = {
			isa = PBXFrameworksBuildPhase;
			buildActionMask = 2147483647;
			files = (
			);
			runOnlyForDeploymentPostprocessing = 0;
		};
/* End PBXFrameworksBuildPhase section */

/* Begin PBXGroup section */
		142E4C452AF55FC100104D13 = {
			isa = PBXGroup;
			children = (
				142E4C502AF55FC100104D13 /* BookApp */,
				142E4C612AF55FC400104D13 /* BookAppTests */,
				142E4C6B2AF55FC400104D13 /* BookAppUITests */,
				142E4C4F2AF55FC100104D13 /* Products */,
			);
			sourceTree = "<group>";
		};
		142E4C4F2AF55FC100104D13 /* Products */ = {
			isa = PBXGroup;
			children = (
				142E4C4E2AF55FC100104D13 /* BookApp.app */,
				142E4C5E2AF55FC400104D13 /* BookAppTests.xctest */,
				142E4C682AF55FC400104D13 /* BookAppUITests.xctest */,
			);
			name = Products;
			sourceTree = "<group>";
		};
		142E4C502AF55FC100104D13 /* BookApp */ = {
			isa = PBXGroup;
			children = (
				142E4C802AFBE77E00104D13 /* Info.plist */,
				142E4C7B2AFBE6BA00104D13 /* Gochi_Hand */,
				142E4C512AF55FC100104D13 /* BookAppApp.swift */,
				142E4C532AF55FC100104D13 /* ContentView.swift */,
				142E4C552AF55FC400104D13 /* Assets.xcassets */,
				142E4C572AF55FC400104D13 /* Preview Content */,
				142E4C812AFC455C00104D13 /* MainView.swift */,
				AB2D80792B0230D600554D52 /* MainView2.swift */,
				142E4C852AFC457900104D13 /* AddListingView.swift */,
				142E4C872AFC45C200104D13 /* WishlistView.swift */,
				142E4C892AFC465000104D13 /* ProfileView.swift */,
				846261A02AFEA45100CCD7C8 /* BorrowConfirmationView.swift */,
				846261A22AFED92C00CCD7C8 /* AcceptConfirmationView.swift */,
			);
			path = BookApp;
			sourceTree = "<group>";
		};
		142E4C572AF55FC400104D13 /* Preview Content */ = {
			isa = PBXGroup;
			children = (
			);
			path = "Preview Content";
			sourceTree = "<group>";
		};
		142E4C612AF55FC400104D13 /* BookAppTests */ = {
			isa = PBXGroup;
			children = (
				142E4C622AF55FC400104D13 /* BookAppTests.swift */,
			);
			path = BookAppTests;
			sourceTree = "<group>";
		};
		142E4C6B2AF55FC400104D13 /* BookAppUITests */ = {
			isa = PBXGroup;
			children = (
				142E4C6C2AF55FC400104D13 /* BookAppUITests.swift */,
				142E4C6E2AF55FC400104D13 /* BookAppUITestsLaunchTests.swift */,
			);
			path = BookAppUITests;
			sourceTree = "<group>";
		};
		142E4C7B2AFBE6BA00104D13 /* Gochi_Hand */ = {
			isa = PBXGroup;
			children = (
				142E4C7C2AFBE6BA00104D13 /* GochiHand-Regular.ttf */,
				142E4C7D2AFBE6BA00104D13 /* OFL.txt */,
			);
			path = Gochi_Hand;
			sourceTree = "<group>";
		};
/* End PBXGroup section */

/* Begin PBXNativeTarget section */
		142E4C4D2AF55FC100104D13 /* BookApp */ = {
			isa = PBXNativeTarget;
			buildConfigurationList = 142E4C722AF55FC400104D13 /* Build configuration list for PBXNativeTarget "BookApp" */;
			buildPhases = (
				142E4C4A2AF55FC100104D13 /* Sources */,
				142E4C4B2AF55FC100104D13 /* Frameworks */,
				142E4C4C2AF55FC100104D13 /* Resources */,
			);
			buildRules = (
			);
			dependencies = (
			);
			name = BookApp;
			productName = BookApp;
			productReference = 142E4C4E2AF55FC100104D13 /* BookApp.app */;
			productType = "com.apple.product-type.application";
		};
		142E4C5D2AF55FC400104D13 /* BookAppTests */ = {
			isa = PBXNativeTarget;
			buildConfigurationList = 142E4C752AF55FC400104D13 /* Build configuration list for PBXNativeTarget "BookAppTests" */;
			buildPhases = (
				142E4C5A2AF55FC400104D13 /* Sources */,
				142E4C5B2AF55FC400104D13 /* Frameworks */,
				142E4C5C2AF55FC400104D13 /* Resources */,
			);
			buildRules = (
			);
			dependencies = (
				142E4C602AF55FC400104D13 /* PBXTargetDependency */,
			);
			name = BookAppTests;
			productName = BookAppTests;
			productReference = 142E4C5E2AF55FC400104D13 /* BookAppTests.xctest */;
			productType = "com.apple.product-type.bundle.unit-test";
		};
		142E4C672AF55FC400104D13 /* BookAppUITests */ = {
			isa = PBXNativeTarget;
			buildConfigurationList = 142E4C782AF55FC400104D13 /* Build configuration list for PBXNativeTarget "BookAppUITests" */;
			buildPhases = (
				142E4C642AF55FC400104D13 /* Sources */,
				142E4C652AF55FC400104D13 /* Frameworks */,
				142E4C662AF55FC400104D13 /* Resources */,
			);
			buildRules = (
			);
			dependencies = (
				142E4C6A2AF55FC400104D13 /* PBXTargetDependency */,
			);
			name = BookAppUITests;
			productName = BookAppUITests;
			productReference = 142E4C682AF55FC400104D13 /* BookAppUITests.xctest */;
			productType = "com.apple.product-type.bundle.ui-testing";
		};
/* End PBXNativeTarget section */

/* Begin PBXProject section */
		142E4C462AF55FC100104D13 /* Project object */ = {
			isa = PBXProject;
			attributes = {
				BuildIndependentTargetsInParallel = 1;
				LastSwiftUpdateCheck = 1340;
				LastUpgradeCheck = 1340;
				TargetAttributes = {
					142E4C4D2AF55FC100104D13 = {
						CreatedOnToolsVersion = 13.4.1;
					};
					142E4C5D2AF55FC400104D13 = {
						CreatedOnToolsVersion = 13.4.1;
						TestTargetID = 142E4C4D2AF55FC100104D13;
					};
					142E4C672AF55FC400104D13 = {
						CreatedOnToolsVersion = 13.4.1;
						TestTargetID = 142E4C4D2AF55FC100104D13;
					};
				};
			};
			buildConfigurationList = 142E4C492AF55FC100104D13 /* Build configuration list for PBXProject "BookApp" */;
			compatibilityVersion = "Xcode 13.0";
			developmentRegion = en;
			hasScannedForEncodings = 0;
			knownRegions = (
				en,
				Base,
			);
			mainGroup = 142E4C452AF55FC100104D13;
			productRefGroup = 142E4C4F2AF55FC100104D13 /* Products */;
			projectDirPath = "";
			projectRoot = "";
			targets = (
				142E4C4D2AF55FC100104D13 /* BookApp */,
				142E4C5D2AF55FC400104D13 /* BookAppTests */,
				142E4C672AF55FC400104D13 /* BookAppUITests */,
			);
		};
/* End PBXProject section */

/* Begin PBXResourcesBuildPhase section */
		142E4C4C2AF55FC100104D13 /* Resources */ = {
			isa = PBXResourcesBuildPhase;
			buildActionMask = 2147483647;
			files = (
				142E4C7E2AFBE6BA00104D13 /* GochiHand-Regular.ttf in Resources */,
				142E4C7F2AFBE6BA00104D13 /* OFL.txt in Resources */,
				142E4C562AF55FC400104D13 /* Assets.xcassets in Resources */,
			);
			runOnlyForDeploymentPostprocessing = 0;
		};
		142E4C5C2AF55FC400104D13 /* Resources */ = {
			isa = PBXResourcesBuildPhase;
			buildActionMask = 2147483647;
			files = (
			);
			runOnlyForDeploymentPostprocessing = 0;
		};
		142E4C662AF55FC400104D13 /* Resources */ = {
			isa = PBXResourcesBuildPhase;
			buildActionMask = 2147483647;
			files = (
			);
			runOnlyForDeploymentPostprocessing = 0;
		};
/* End PBXResourcesBuildPhase section */

/* Begin PBXSourcesBuildPhase section */
		142E4C4A2AF55FC100104D13 /* Sources */ = {
			isa = PBXSourcesBuildPhase;
			buildActionMask = 2147483647;
			files = (
				846261A12AFEA45100CCD7C8 /* BorrowConfirmationView.swift in Sources */,
				142E4C862AFC457900104D13 /* AddListingView.swift in Sources */,
				142E4C542AF55FC100104D13 /* ContentView.swift in Sources */,
				846261A32AFED92C00CCD7C8 /* AcceptConfirmationView.swift in Sources */,
				142E4C822AFC455C00104D13 /* MainView.swift in Sources */,
				142E4C882AFC45C200104D13 /* WishlistView.swift in Sources */,
				142E4C8A2AFC465000104D13 /* ProfileView.swift in Sources */,
				142E4C522AF55FC100104D13 /* BookAppApp.swift in Sources */,
				AB2D807A2B0230D600554D52 /* MainView2.swift in Sources */,
			);
			runOnlyForDeploymentPostprocessing = 0;
		};
		142E4C5A2AF55FC400104D13 /* Sources */ = {
			isa = PBXSourcesBuildPhase;
			buildActionMask = 2147483647;
			files = (
				142E4C632AF55FC400104D13 /* BookAppTests.swift in Sources */,
			);
			runOnlyForDeploymentPostprocessing = 0;
		};
		142E4C642AF55FC400104D13 /* Sources */ = {
			isa = PBXSourcesBuildPhase;
			buildActionMask = 2147483647;
			files = (
				142E4C6D2AF55FC400104D13 /* BookAppUITests.swift in Sources */,
				142E4C6F2AF55FC400104D13 /* BookAppUITestsLaunchTests.swift in Sources */,
			);
			runOnlyForDeploymentPostprocessing = 0;
		};
/* End PBXSourcesBuildPhase section */

/* Begin PBXTargetDependency section */
		142E4C602AF55FC400104D13 /* PBXTargetDependency */ = {
			isa = PBXTargetDependency;
			target = 142E4C4D2AF55FC100104D13 /* BookApp */;
			targetProxy = 142E4C5F2AF55FC400104D13 /* PBXContainerItemProxy */;
		};
		142E4C6A2AF55FC400104D13 /* PBXTargetDependency */ = {
			isa = PBXTargetDependency;
			target = 142E4C4D2AF55FC100104D13 /* BookApp */;
			targetProxy = 142E4C692AF55FC400104D13 /* PBXContainerItemProxy */;
		};
/* End PBXTargetDependency section */

/* Begin XCBuildConfiguration section */
		142E4C702AF55FC400104D13 /* Debug */ = {
			isa = XCBuildConfiguration;
			buildSettings = {
				ALWAYS_SEARCH_USER_PATHS = NO;
				CLANG_ANALYZER_NONNULL = YES;
				CLANG_ANALYZER_NUMBER_OBJECT_CONVERSION = YES_AGGRESSIVE;
				CLANG_CXX_LANGUAGE_STANDARD = "gnu++17";
				CLANG_ENABLE_MODULES = YES;
				CLANG_ENABLE_OBJC_ARC = YES;
				CLANG_ENABLE_OBJC_WEAK = YES;
				CLANG_WARN_BLOCK_CAPTURE_AUTORELEASING = YES;
				CLANG_WARN_BOOL_CONVERSION = YES;
				CLANG_WARN_COMMA = YES;
				CLANG_WARN_CONSTANT_CONVERSION = YES;
				CLANG_WARN_DEPRECATED_OBJC_IMPLEMENTATIONS = YES;
				CLANG_WARN_DIRECT_OBJC_ISA_USAGE = YES_ERROR;
				CLANG_WARN_DOCUMENTATION_COMMENTS = YES;
				CLANG_WARN_EMPTY_BODY = YES;
				CLANG_WARN_ENUM_CONVERSION = YES;
				CLANG_WARN_INFINITE_RECURSION = YES;
				CLANG_WARN_INT_CONVERSION = YES;
				CLANG_WARN_NON_LITERAL_NULL_CONVERSION = YES;
				CLANG_WARN_OBJC_IMPLICIT_RETAIN_SELF = YES;
				CLANG_WARN_OBJC_LITERAL_CONVERSION = YES;
				CLANG_WARN_OBJC_ROOT_CLASS = YES_ERROR;
				CLANG_WARN_QUOTED_INCLUDE_IN_FRAMEWORK_HEADER = YES;
				CLANG_WARN_RANGE_LOOP_ANALYSIS = YES;
				CLANG_WARN_STRICT_PROTOTYPES = YES;
				CLANG_WARN_SUSPICIOUS_MOVE = YES;
				CLANG_WARN_UNGUARDED_AVAILABILITY = YES_AGGRESSIVE;
				CLANG_WARN_UNREACHABLE_CODE = YES;
				CLANG_WARN__DUPLICATE_METHOD_MATCH = YES;
				COPY_PHASE_STRIP = NO;
				DEBUG_INFORMATION_FORMAT = dwarf;
				ENABLE_STRICT_OBJC_MSGSEND = YES;
				ENABLE_TESTABILITY = YES;
				GCC_C_LANGUAGE_STANDARD = gnu11;
				GCC_DYNAMIC_NO_PIC = NO;
				GCC_NO_COMMON_BLOCKS = YES;
				GCC_OPTIMIZATION_LEVEL = 0;
				GCC_PREPROCESSOR_DEFINITIONS = (
					"DEBUG=1",
					"$(inherited)",
				);
				GCC_WARN_64_TO_32_BIT_CONVERSION = YES;
				GCC_WARN_ABOUT_RETURN_TYPE = YES_ERROR;
				GCC_WARN_UNDECLARED_SELECTOR = YES;
				GCC_WARN_UNINITIALIZED_AUTOS = YES_AGGRESSIVE;
				GCC_WARN_UNUSED_FUNCTION = YES;
				GCC_WARN_UNUSED_VARIABLE = YES;
				IPHONEOS_DEPLOYMENT_TARGET = 15.5;
				MTL_ENABLE_DEBUG_INFO = INCLUDE_SOURCE;
				MTL_FAST_MATH = YES;
				ONLY_ACTIVE_ARCH = YES;
				SDKROOT = iphoneos;
				SWIFT_ACTIVE_COMPILATION_CONDITIONS = DEBUG;
				SWIFT_OPTIMIZATION_LEVEL = "-Onone";
			};
			name = Debug;
		};
		142E4C712AF55FC400104D13 /* Release */ = {
			isa = XCBuildConfiguration;
			buildSettings = {
				ALWAYS_SEARCH_USER_PATHS = NO;
				CLANG_ANALYZER_NONNULL = YES;
				CLANG_ANALYZER_NUMBER_OBJECT_CONVERSION = YES_AGGRESSIVE;
				CLANG_CXX_LANGUAGE_STANDARD = "gnu++17";
				CLANG_ENABLE_MODULES = YES;
				CLANG_ENABLE_OBJC_ARC = YES;
				CLANG_ENABLE_OBJC_WEAK = YES;
				CLANG_WARN_BLOCK_CAPTURE_AUTORELEASING = YES;
				CLANG_WARN_BOOL_CONVERSION = YES;
				CLANG_WARN_COMMA = YES;
				CLANG_WARN_CONSTANT_CONVERSION = YES;
				CLANG_WARN_DEPRECATED_OBJC_IMPLEMENTATIONS = YES;
				CLANG_WARN_DIRECT_OBJC_ISA_USAGE = YES_ERROR;
				CLANG_WARN_DOCUMENTATION_COMMENTS = YES;
				CLANG_WARN_EMPTY_BODY = YES;
				CLANG_WARN_ENUM_CONVERSION = YES;
				CLANG_WARN_INFINITE_RECURSION = YES;
				CLANG_WARN_INT_CONVERSION = YES;
				CLANG_WARN_NON_LITERAL_NULL_CONVERSION = YES;
				CLANG_WARN_OBJC_IMPLICIT_RETAIN_SELF = YES;
				CLANG_WARN_OBJC_LITERAL_CONVERSION = YES;
				CLANG_WARN_OBJC_ROOT_CLASS = YES_ERROR;
				CLANG_WARN_QUOTED_INCLUDE_IN_FRAMEWORK_HEADER = YES;
				CLANG_WARN_RANGE_LOOP_ANALYSIS = YES;
				CLANG_WARN_STRICT_PROTOTYPES = YES;
				CLANG_WARN_SUSPICIOUS_MOVE = YES;
				CLANG_WARN_UNGUARDED_AVAILABILITY = YES_AGGRESSIVE;
				CLANG_WARN_UNREACHABLE_CODE = YES;
				CLANG_WARN__DUPLICATE_METHOD_MATCH = YES;
				COPY_PHASE_STRIP = NO;
				DEBUG_INFORMATION_FORMAT = "dwarf-with-dsym";
				ENABLE_NS_ASSERTIONS = NO;
				ENABLE_STRICT_OBJC_MSGSEND = YES;
				GCC_C_LANGUAGE_STANDARD = gnu11;
				GCC_NO_COMMON_BLOCKS = YES;
				GCC_WARN_64_TO_32_BIT_CONVERSION = YES;
				GCC_WARN_ABOUT_RETURN_TYPE = YES_ERROR;
				GCC_WARN_UNDECLARED_SELECTOR = YES;
				GCC_WARN_UNINITIALIZED_AUTOS = YES_AGGRESSIVE;
				GCC_WARN_UNUSED_FUNCTION = YES;
				GCC_WARN_UNUSED_VARIABLE = YES;
				IPHONEOS_DEPLOYMENT_TARGET = 15.5;
				MTL_ENABLE_DEBUG_INFO = NO;
				MTL_FAST_MATH = YES;
				SDKROOT = iphoneos;
				SWIFT_COMPILATION_MODE = wholemodule;
				SWIFT_OPTIMIZATION_LEVEL = "-O";
				VALIDATE_PRODUCT = YES;
			};
			name = Release;
		};
		142E4C732AF55FC400104D13 /* Debug */ = {
			isa = XCBuildConfiguration;
			buildSettings = {
				ASSETCATALOG_COMPILER_APPICON_NAME = AppIcon;
				ASSETCATALOG_COMPILER_GLOBAL_ACCENT_COLOR_NAME = AccentColor;
				CODE_SIGN_STYLE = Automatic;
				CURRENT_PROJECT_VERSION = 1;
				DEVELOPMENT_ASSET_PATHS = "\"BookApp/Preview Content\"";
				DEVELOPMENT_TEAM = HHD2S36C5S;
				ENABLE_PREVIEWS = YES;
				GENERATE_INFOPLIST_FILE = YES;
				INFOPLIST_FILE = BookApp/Info.plist;
				INFOPLIST_KEY_UIApplicationSceneManifest_Generation = YES;
				INFOPLIST_KEY_UIApplicationSupportsIndirectInputEvents = YES;
				INFOPLIST_KEY_UILaunchScreen_Generation = YES;
				INFOPLIST_KEY_UISupportedInterfaceOrientations_iPad = "UIInterfaceOrientationPortrait UIInterfaceOrientationPortraitUpsideDown UIInterfaceOrientationLandscapeLeft UIInterfaceOrientationLandscapeRight";
				INFOPLIST_KEY_UISupportedInterfaceOrientations_iPhone = "UIInterfaceOrientationPortrait UIInterfaceOrientationLandscapeLeft UIInterfaceOrientationLandscapeRight";
				LD_RUNPATH_SEARCH_PATHS = (
					"$(inherited)",
					"@executable_path/Frameworks",
				);
				MARKETING_VERSION = 1.0;
				PRODUCT_BUNDLE_IDENTIFIER = edu.illinois.cs465.BookApp;
				PRODUCT_NAME = "$(TARGET_NAME)";
				SWIFT_EMIT_LOC_STRINGS = YES;
				SWIFT_VERSION = 5.0;
				TARGETED_DEVICE_FAMILY = "1,2";
			};
			name = Debug;
		};
		142E4C742AF55FC400104D13 /* Release */ = {
			isa = XCBuildConfiguration;
			buildSettings = {
				ASSETCATALOG_COMPILER_APPICON_NAME = AppIcon;
				ASSETCATALOG_COMPILER_GLOBAL_ACCENT_COLOR_NAME = AccentColor;
				CODE_SIGN_STYLE = Automatic;
				CURRENT_PROJECT_VERSION = 1;
				DEVELOPMENT_ASSET_PATHS = "\"BookApp/Preview Content\"";
				DEVELOPMENT_TEAM = HHD2S36C5S;
				ENABLE_PREVIEWS = YES;
				GENERATE_INFOPLIST_FILE = YES;
				INFOPLIST_FILE = BookApp/Info.plist;
				INFOPLIST_KEY_UIApplicationSceneManifest_Generation = YES;
				INFOPLIST_KEY_UIApplicationSupportsIndirectInputEvents = YES;
				INFOPLIST_KEY_UILaunchScreen_Generation = YES;
				INFOPLIST_KEY_UISupportedInterfaceOrientations_iPad = "UIInterfaceOrientationPortrait UIInterfaceOrientationPortraitUpsideDown UIInterfaceOrientationLandscapeLeft UIInterfaceOrientationLandscapeRight";
				INFOPLIST_KEY_UISupportedInterfaceOrientations_iPhone = "UIInterfaceOrientationPortrait UIInterfaceOrientationLandscapeLeft UIInterfaceOrientationLandscapeRight";
				LD_RUNPATH_SEARCH_PATHS = (
					"$(inherited)",
					"@executable_path/Frameworks",
				);
				MARKETING_VERSION = 1.0;
				PRODUCT_BUNDLE_IDENTIFIER = edu.illinois.cs465.BookApp;
				PRODUCT_NAME = "$(TARGET_NAME)";
				SWIFT_EMIT_LOC_STRINGS = YES;
				SWIFT_VERSION = 5.0;
				TARGETED_DEVICE_FAMILY = "1,2";
			};
			name = Release;
		};
		142E4C762AF55FC400104D13 /* Debug */ = {
			isa = XCBuildConfiguration;
			buildSettings = {
				ALWAYS_EMBED_SWIFT_STANDARD_LIBRARIES = YES;
				BUNDLE_LOADER = "$(TEST_HOST)";
				CODE_SIGN_STYLE = Automatic;
				CURRENT_PROJECT_VERSION = 1;
				DEVELOPMENT_TEAM = HHD2S36C5S;
				GENERATE_INFOPLIST_FILE = YES;
				IPHONEOS_DEPLOYMENT_TARGET = 15.5;
				MARKETING_VERSION = 1.0;
				PRODUCT_BUNDLE_IDENTIFIER = edu.illinois.cs465.BookAppTests;
				PRODUCT_NAME = "$(TARGET_NAME)";
				SWIFT_EMIT_LOC_STRINGS = NO;
				SWIFT_VERSION = 5.0;
				TARGETED_DEVICE_FAMILY = "1,2";
				TEST_HOST = "$(BUILT_PRODUCTS_DIR)/BookApp.app/BookApp";
			};
			name = Debug;
		};
		142E4C772AF55FC400104D13 /* Release */ = {
			isa = XCBuildConfiguration;
			buildSettings = {
				ALWAYS_EMBED_SWIFT_STANDARD_LIBRARIES = YES;
				BUNDLE_LOADER = "$(TEST_HOST)";
				CODE_SIGN_STYLE = Automatic;
				CURRENT_PROJECT_VERSION = 1;
				DEVELOPMENT_TEAM = HHD2S36C5S;
				GENERATE_INFOPLIST_FILE = YES;
				IPHONEOS_DEPLOYMENT_TARGET = 15.5;
				MARKETING_VERSION = 1.0;
				PRODUCT_BUNDLE_IDENTIFIER = edu.illinois.cs465.BookAppTests;
				PRODUCT_NAME = "$(TARGET_NAME)";
				SWIFT_EMIT_LOC_STRINGS = NO;
				SWIFT_VERSION = 5.0;
				TARGETED_DEVICE_FAMILY = "1,2";
				TEST_HOST = "$(BUILT_PRODUCTS_DIR)/BookApp.app/BookApp";
			};
			name = Release;
		};
		142E4C792AF55FC400104D13 /* Debug */ = {
			isa = XCBuildConfiguration;
			buildSettings = {
				ALWAYS_EMBED_SWIFT_STANDARD_LIBRARIES = YES;
				CODE_SIGN_STYLE = Automatic;
				CURRENT_PROJECT_VERSION = 1;
				DEVELOPMENT_TEAM = HHD2S36C5S;
				GENERATE_INFOPLIST_FILE = YES;
				MARKETING_VERSION = 1.0;
				PRODUCT_BUNDLE_IDENTIFIER = edu.illinois.cs465.BookAppUITests;
				PRODUCT_NAME = "$(TARGET_NAME)";
				SWIFT_EMIT_LOC_STRINGS = NO;
				SWIFT_VERSION = 5.0;
				TARGETED_DEVICE_FAMILY = "1,2";
				TEST_TARGET_NAME = BookApp;
			};
			name = Debug;
		};
		142E4C7A2AF55FC400104D13 /* Release */ = {
			isa = XCBuildConfiguration;
			buildSettings = {
				ALWAYS_EMBED_SWIFT_STANDARD_LIBRARIES = YES;
				CODE_SIGN_STYLE = Automatic;
				CURRENT_PROJECT_VERSION = 1;
				DEVELOPMENT_TEAM = HHD2S36C5S;
				GENERATE_INFOPLIST_FILE = YES;
				MARKETING_VERSION = 1.0;
				PRODUCT_BUNDLE_IDENTIFIER = edu.illinois.cs465.BookAppUITests;
				PRODUCT_NAME = "$(TARGET_NAME)";
				SWIFT_EMIT_LOC_STRINGS = NO;
				SWIFT_VERSION = 5.0;
				TARGETED_DEVICE_FAMILY = "1,2";
				TEST_TARGET_NAME = BookApp;
			};
			name = Release;
		};
/* End XCBuildConfiguration section */

/* Begin XCConfigurationList section */
		142E4C492AF55FC100104D13 /* Build configuration list for PBXProject "BookApp" */ = {
			isa = XCConfigurationList;
			buildConfigurations = (
				142E4C702AF55FC400104D13 /* Debug */,
				142E4C712AF55FC400104D13 /* Release */,
			);
			defaultConfigurationIsVisible = 0;
			defaultConfigurationName = Release;
		};
		142E4C722AF55FC400104D13 /* Build configuration list for PBXNativeTarget "BookApp" */ = {
			isa = XCConfigurationList;
			buildConfigurations = (
				142E4C732AF55FC400104D13 /* Debug */,
				142E4C742AF55FC400104D13 /* Release */,
			);
			defaultConfigurationIsVisible = 0;
			defaultConfigurationName = Release;
		};
		142E4C752AF55FC400104D13 /* Build configuration list for PBXNativeTarget "BookAppTests" */ = {
			isa = XCConfigurationList;
			buildConfigurations = (
				142E4C762AF55FC400104D13 /* Debug */,
				142E4C772AF55FC400104D13 /* Release */,
			);
			defaultConfigurationIsVisible = 0;
			defaultConfigurationName = Release;
		};
		142E4C782AF55FC400104D13 /* Build configuration list for PBXNativeTarget "BookAppUITests" */ = {
			isa = XCConfigurationList;
			buildConfigurations = (
				142E4C792AF55FC400104D13 /* Debug */,
				142E4C7A2AF55FC400104D13 /* Release */,
			);
			defaultConfigurationIsVisible = 0;
			defaultConfigurationName = Release;
		};
/* End XCConfigurationList section */
	};
	rootObject = 142E4C462AF55FC100104D13 /* Project object */;
}
